
Microsoft Visual Studio Solution File, Format Version 12.00
# Visual Studio 15
VisualStudioVersion = 15.0.27703.2035
MinimumVisualStudioVersion = 10.0.40219.1
Project("{FAE04EC0-301F-11D3-BF4B-00C04F79EFBC}") = "CheckMxAviationWeather.Api.Tests", "tst\CheckMxAviationWeather.Api.Tests\CheckMxAviationWeather.Api.Tests.csproj", "{9D88732E-74E9-4ADC-979A-EA3EA3E6B118}"
EndProject
Project("{FAE04EC0-301F-11D3-BF4B-00C04F79EFBC}") = "CheckMxAviationWeather.Api", "src\CheckMxAviationWeather.Api\CheckMxAviationWeather.Api.csproj", "{C4A6E711-4D91-4358-B1A4-A495D42EA271}"
EndProject
Global
	GlobalSection(SolutionConfigurationPlatforms) = preSolution
		Debug|Any CPU = Debug|Any CPU
		Release|Any CPU = Release|Any CPU
	EndGlobalSection
	GlobalSection(ProjectConfigurationPlatforms) = postSolution
		{9D88732E-74E9-4ADC-979A-EA3EA3E6B118}.Debug|Any CPU.ActiveCfg = Debug|Any CPU
		{9D88732E-74E9-4ADC-979A-EA3EA3E6B118}.Debug|Any CPU.Build.0 = Debug|Any CPU
		{9D88732E-74E9-4ADC-979A-EA3EA3E6B118}.Release|Any CPU.ActiveCfg = Release|Any CPU
		{9D88732E-74E9-4ADC-979A-EA3EA3E6B118}.Release|Any CPU.Build.0 = Release|Any CPU
		{C4A6E711-4D91-4358-B1A4-A495D42EA271}.Debug|Any CPU.ActiveCfg = Debug|Any CPU
		{C4A6E711-4D91-4358-B1A4-A495D42EA271}.Debug|Any CPU.Build.0 = Debug|Any CPU
		{C4A6E711-4D91-4358-B1A4-A495D42EA271}.Release|Any CPU.ActiveCfg = Release|Any CPU
		{C4A6E711-4D91-4358-B1A4-A495D42EA271}.Release|Any CPU.Build.0 = Release|Any CPU
	EndGlobalSection
	GlobalSection(SolutionProperties) = preSolution
		HideSolutionNode = FALSE
	EndGlobalSection
	GlobalSection(ExtensibilityGlobals) = postSolution
		SolutionGuid = {9013AF00-8334-4776-9260-978DA02E7CC4}
	EndGlobalSection
EndGlobal
